// !$*UTF8*$!
{
	archiveVersion = 1;
	classes = {
	};
	objectVersion = 56;
	objects = {

/* Begin PBXBuildFile section */
		9B0010012C70000000000001 /* AraadhyaStudioApp.swift in Sources */ = {isa = PBXBuildFile; fileRef = 9B0020012C70000000000001 /* AraadhyaStudioApp.swift */; };
		9B0010022C70000000000002 /* ContentView.swift in Sources */ = {isa = PBXBuildFile; fileRef = 9B0020022C70000000000002 /* ContentView.swift */; };
		9B0010032C70000000000003 /* Theme.swift in Sources */ = {isa = PBXBuildFile; fileRef = 9B0020032C70000000000003 /* Theme.swift */; };
		9B0010042C70000000000004 /* Models.swift in Sources */ = {isa = PBXBuildFile; fileRef = 9B0020042C70000000000004 /* Models.swift */; };
		9B0010052C70000000000005 /* APIService.swift in Sources */ = {isa = PBXBuildFile; fileRef = 9B0020052C70000000000005 /* APIService.swift */; };
		9B0010062C70000000000006 /* StudioUploadView.swift in Sources */ = {isa = PBXBuildFile; fileRef = 9B0020062C70000000000006 /* StudioUploadView.swift */; };
		9B0010072C70000000000007 /* CatalogView.swift in Sources */ = {isa = PBXBuildFile; fileRef = 9B0020072C70000000000007 /* CatalogView.swift */; };
		9B0010082C70000000000008 /* QuickInvoiceView.swift in Sources */ = {isa = PBXBuildFile; fileRef = 9B0020082C70000000000008 /* QuickInvoiceView.swift */; };
		9B0010092C70000000000009 /* DashboardView.swift in Sources */ = {isa = PBXBuildFile; fileRef = 9B0020092C70000000000009 /* DashboardView.swift */; };
		9B0010102C70000000000010 /* Assets.xcassets in Resources */ = {isa = PBXBuildFile; fileRef = 9B0020102C70000000000010 /* Assets.xcassets */; };
		9B0010112C70000000000011 /* AIStudioView.swift in Sources */ = {isa = PBXBuildFile; fileRef = 9B0020112C70000000000011 /* AIStudioView.swift */; };
/* End PBXBuildFile section */

/* Begin PBXFileReference section */
		9B0020002C70000000000000 /* Araadhya Fashion.app */ = {isa = PBXFileReference; explicitFileType = wrapper.application; includeInIndex = 0; path = "Araadhya Fashion.app"; sourceTree = BUILT_PRODUCTS_DIR; };
		9B0020012C70000000000001 /* AraadhyaStudioApp.swift */ = {isa = PBXFileReference; lastKnownFileType = sourcecode.swift; path = AraadhyaStudioApp.swift; sourceTree = "<group>"; };
		9B0020022C70000000000002 /* ContentView.swift */ = {isa = PBXFileReference; lastKnownFileType = sourcecode.swift; path = ContentView.swift; sourceTree = "<group>"; };
		9B0020032C70000000000003 /* Theme.swift */ = {isa = PBXFileReference; lastKnownFileType = sourcecode.swift; path = Theme.swift; sourceTree = "<group>"; };
		9B0020042C70000000000004 /* Models.swift */ = {isa = PBXFileReference; lastKnownFileType = sourcecode.swift; path = Models.swift; sourceTree = "<group>"; };
		9B0020052C70000000000005 /* APIService.swift */ = {isa = PBXFileReference; lastKnownFileType = sourcecode.swift; path = APIService.swift; sourceTree = "<group>"; };
		9B0020062C70000000000006 /* StudioUploadView.swift */ = {isa = PBXFileReference; lastKnownFileType = sourcecode.swift; path = StudioUploadView.swift; sourceTree = "<group>"; };
		9B0020072C70000000000007 /* CatalogView.swift */ = {isa = PBXFileReference; lastKnownFileType = sourcecode.swift; path = CatalogView.swift; sourceTree = "<group>"; };
		9B0020082C70000000000008 /* QuickInvoiceView.swift */ = {isa = PBXFileReference; lastKnownFileType = sourcecode.swift; path = QuickInvoiceView.swift; sourceTree = "<group>"; };
		9B0020092C70000000000009 /* DashboardView.swift */ = {isa = PBXFileReference; lastKnownFileType = sourcecode.swift; path = DashboardView.swift; sourceTree = "<group>"; };
		9B0020102C70000000000010 /* Assets.xcassets */ = {isa = PBXFileReference; lastKnownFileType = folder.assetcatalog; path = Assets.xcassets; sourceTree = "<group>"; };
		9B0020112C70000000000011 /* AIStudioView.swift */ = {isa = PBXFileReference; lastKnownFileType = sourcecode.swift; path = AIStudioView.swift; sourceTree = "<group>"; };
		9B0020122C70000000000012 /* Info.plist */ = {isa = PBXFileReference; lastKnownFileType = text.plist.xml; path = Info.plist; sourceTree = "<group>"; };
/* End PBXFileReference section */

/* Begin PBXFrameworksBuildPhase section */
		9B0030002C70000000000000 /* Frameworks */ = {
			isa = PBXFrameworksBuildPhase;
			buildActionMask = 2147483647;
			files = (
			);
			runOnlyForDeploymentPostprocessing = 0;
		};
/* End PBXFrameworksBuildPhase section */

/* Begin PBXGroup section */
		9B0040002C70000000000000 = {
			isa = PBXGroup;
			children = (
				9B0040012C70000000000001 /* AraadhyaStudio */,
				9B0040022C70000000000002 /* Products */,
			);
			sourceTree = "<group>";
		};
		9B0040012C70000000000001 /* AraadhyaStudio */ = {
			isa = PBXGroup;
			children = (
				9B0020012C70000000000001 /* AraadhyaStudioApp.swift */,
				9B0020022C70000000000002 /* ContentView.swift */,
				9B0020092C70000000000009 /* DashboardView.swift */,
				9B0020112C70000000000011 /* AIStudioView.swift */,
				9B0020062C70000000000006 /* StudioUploadView.swift */,
				9B0020072C70000000000007 /* CatalogView.swift */,
				9B0020082C70000000000008 /* QuickInvoiceView.swift */,
				9B0020032C70000000000003 /* Theme.swift */,
				9B0020042C70000000000004 /* Models.swift */,
				9B0020052C70000000000005 /* APIService.swift */,
				9B0020102C70000000000010 /* Assets.xcassets */,
				9B0020122C70000000000012 /* Info.plist */,
			);
			path = AraadhyaStudio;
			sourceTree = "<group>";
		};
		9B0040022C70000000000002 /* Products */ = {
			isa = PBXGroup;
			children = (
				9B0020002C70000000000000 /* Araadhya Fashion.app */,
			);
			name = Products;
			sourceTree = "<group>";
		};
/* End PBXGroup section */

/* Begin PBXNativeTarget section */
		9B0050002C70000000000000 /* Araadhya Fashion */ = {
			isa = PBXNativeTarget;
			buildConfigurationList = 9B0060002C70000000000000 /* Build configuration list for PBXNativeTarget "Araadhya Fashion" */;
			buildPhases = (
				9B0070002C70000000000000 /* Sources */,
				9B0030002C70000000000000 /* Frameworks */,
				9B0080002C70000000000000 /* Resources */,
			);
			buildRules = (
			);
			dependencies = (
			);
			name = "Araadhya Fashion";
			productName = "Araadhya Fashion";
			productReference = 9B0020002C70000000000000 /* Araadhya Fashion.app */;
			productType = "com.apple.product-type.application";
		};
/* End PBXNativeTarget section */

/* Begin PBXProject section */
		9B0000002C70000000000000 /* Project object */ = {
			isa = PBXProject;
			attributes = {
				BuildIndependentTargetsInParallel = 1;
				LastSwiftUpdateCheck = 1500;
				LastUpgradeCheck = 1500;
				TargetAttributes = {
					9B0050002C70000000000000 = {
						CreatedOnToolsVersion = 15.0;
					};
				};
			};
			buildConfigurationList = 9B0060012C70000000000001 /* Build configuration list for PBXProject "AraadhyaStudio" */;
			compatibilityVersion = "Xcode 14.0";
			developmentRegion = en;
			hasScannedForEncodings = 0;
			knownRegions = (
				en,
				Base,
			);
			mainGroup = 9B0040002C70000000000000;
			productRefGroup = 9B0040022C70000000000002 /* Products */;
			projectDirPath = "";
			projectRoot = "";
			targets = (
				9B0050002C70000000000000 /* Araadhya Fashion */,
			);
		};
/* End PBXProject section */

/* Begin PBXResourcesBuildPhase section */
		9B0080002C70000000000000 /* Resources */ = {
			isa = PBXResourcesBuildPhase;
			buildActionMask = 2147483647;
			files = (
				9B0010102C70000000000010 /* Assets.xcassets in Resources */,
			);
			runOnlyForDeploymentPostprocessing = 0;
		};
/* End PBXResourcesBuildPhase section */

/* Begin PBXSourcesBuildPhase section */
		9B0070002C70000000000000 /* Sources */ = {
			isa = PBXSourcesBuildPhase;
			buildActionMask = 2147483647;
			files = (
				9B0010012C70000000000001 /* AraadhyaStudioApp.swift in Sources */,
				9B0010022C70000000000002 /* ContentView.swift in Sources */,
				9B0010092C70000000000009 /* DashboardView.swift in Sources */,
				9B0010112C70000000000011 /* AIStudioView.swift in Sources */,
				9B0010062C70000000000006 /* StudioUploadView.swift in Sources */,
				9B0010072C70000000000007 /* CatalogView.swift in Sources */,
				9B0010082C70000000000008 /* QuickSaleView.swift in Sources */,
				9B0010032C70000000000003 /* Theme.swift in Sources */,
				9B0010042C70000000000004 /* Models.swift in Sources */,
				9B0010052C70000000000005 /* APIService.swift in Sources */,
			);
			runOnlyForDeploymentPostprocessing = 0;
		};
/* End PBXSourcesBuildPhase section */

/* Begin XCBuildConfiguration section */
		9B0090002C70000000000000 /* Debug */ = {
			isa = XCBuildConfiguration;
			buildSettings = {
				ALWAYS_SEARCH_USER_PATHS = NO;
				ASSETCATALOG_COMPILER_APPICON_NAME = AppIcon;
				ASSETCATALOG_COMPILER_GENERATE_SWIFT_ASSET_SYMBOL_EXTENSIONS = YES;
				CLANG_ANALYZER_NONNULL = YES;
				CLANG_CXX_LANGUAGE_STANDARD = "gnu++20";
				CLANG_ENABLE_MODULES = YES;
				CLANG_ENABLE_OBJC_ARC = YES;
				ENABLE_PREVIEWS = YES;
				ENABLE_STRICT_OBJC_MSGSEND = YES;
				ENABLE_TESTABILITY = YES;
				GCC_DYNAMIC_NO_PIC = NO;
				GCC_NO_COMMON_BLOCKS = YES;
				GCC_OPTIMIZATION_LEVEL = 0;
				GCC_PREPROCESSOR_DEFINITIONS = (
					"DEBUG=1",
					"$(inherited)",
				);
				IPHONEOS_DEPLOYMENT_TARGET = 16.0;
				MTL_ENABLE_DEBUG_INFO = INCLUDE_SOURCE;
				ONLY_ACTIVE_ARCH = YES;
				SDKROOT = iphoneos;
				SWIFT_ACTIVE_COMPILATION_CONDITIONS = "DEBUG $(inherited)";
				SWIFT_OPTIMIZATION_LEVEL = "-Onone";
				SWIFT_VERSION = 5.0;
			};
			name = Debug;
		};
		9B0090012C70000000000001 /* Release */ = {
			isa = XCBuildConfiguration;
			buildSettings = {
				ALWAYS_SEARCH_USER_PATHS = NO;
				ASSETCATALOG_COMPILER_APPICON_NAME = AppIcon;
				ASSETCATALOG_COMPILER_GENERATE_SWIFT_ASSET_SYMBOL_EXTENSIONS = YES;
				CLANG_ANALYZER_NONNULL = YES;
				CLANG_CXX_LANGUAGE_STANDARD = "gnu++20";
				CLANG_ENABLE_MODULES = YES;
				CLANG_ENABLE_OBJC_ARC = YES;
				ENABLE_PREVIEWS = YES;
				ENABLE_STRICT_OBJC_MSGSEND = YES;
				GCC_NO_COMMON_BLOCKS = YES;
				IPHONEOS_DEPLOYMENT_TARGET = 16.0;
				MTL_ENABLE_DEBUG_INFO = NO;
				SDKROOT = iphoneos;
				SWIFT_COMPILATION_MODE = wholemodule;
				SWIFT_OPTIMIZATION_LEVEL = "-O";
				SWIFT_VERSION = 5.0;
			};
			name = Release;
		};
		9B0090022C70000000000002 /* Debug */ = {
			isa = XCBuildConfiguration;
			buildSettings = {
				ASSETCATALOG_COMPILER_APPICON_NAME = AppIcon;
				CODE_SIGN_STYLE = Automatic;
				CURRENT_PROJECT_VERSION = 1;
				DEVELOPMENT_TEAM = SSJ9PSFYPF;
				GENERATE_INFOPLIST_FILE = NO;
				INFOPLIST_FILE = AraadhyaStudio/Info.plist;
				INFOPLIST_KEY_CFBundleDisplayName = "Araadhya Fashion";
				INFOPLIST_KEY_LSApplicationCategoryType = "public.app-category.lifestyle";
				IPHONEOS_DEPLOYMENT_TARGET = 16.0;
				LD_RUNPATH_SEARCH_PATHS = (
					"$(inherited)",
					"@executable_path/Frameworks",
				);
				MARKETING_VERSION = 1.0;
				PRODUCT_BUNDLE_IDENTIFIER = com.araadhyafashion.app;
				PRODUCT_NAME = "Araadhya Fashion";
				SWIFT_EMIT_LOC_STRINGS = YES;
				TARGETED_DEVICE_FAMILY = "1,2";
			};
			name = Debug;
		};
		9B0090032C70000000000003 /* Release */ = {
			isa = XCBuildConfiguration;
			buildSettings = {
				ASSETCATALOG_COMPILER_APPICON_NAME = AppIcon;
				CODE_SIGN_STYLE = Automatic;
				CURRENT_PROJECT_VERSION = 1;
				DEVELOPMENT_TEAM = SSJ9PSFYPF;
				GENERATE_INFOPLIST_FILE = NO;
				INFOPLIST_FILE = AraadhyaStudio/Info.plist;
				INFOPLIST_KEY_CFBundleDisplayName = "Araadhya Fashion";
				INFOPLIST_KEY_LSApplicationCategoryType = "public.app-category.lifestyle";
				IPHONEOS_DEPLOYMENT_TARGET = 16.0;
				LD_RUNPATH_SEARCH_PATHS = (
					"$(inherited)",
					"@executable_path/Frameworks",
				);
				MARKETING_VERSION = 1.0;
				PRODUCT_BUNDLE_IDENTIFIER = com.araadhyafashion.app;
				PRODUCT_NAME = "Araadhya Fashion";
				SWIFT_EMIT_LOC_STRINGS = YES;
				TARGETED_DEVICE_FAMILY = "1,2";
			};
			name = Release;
		};
/* End XCBuildConfiguration section */

/* Begin XCConfigurationList section */
		9B0060002C70000000000000 /* Build configuration list for PBXNativeTarget "Araadhya Fashion" */ = {
			isa = XCConfigurationList;
			buildConfigurations = (
				9B0090022C70000000000002 /* Debug */,
				9B0090032C70000000000003 /* Release */,
			);
			defaultConfigurationIsVisible = 0;
			defaultConfigurationName = Release;
		};
		9B0060012C70000000000001 /* Build configuration list for PBXProject "AraadhyaStudio" */ = {
			isa = XCConfigurationList;
			buildConfigurations = (
				9B0090002C70000000000000 /* Debug */,
				9B0090012C70000000000001 /* Release */,
			);
			defaultConfigurationIsVisible = 0;
			defaultConfigurationName = Release;
		};
/* End XCConfigurationList section */
	};
	rootObject = 9B0000002C70000000000000 /* Project object */;
}
